
Microsoft Visual Studio Solution File, Format Version 12.00
# Visual Studio Version 16
VisualStudioVersion = 16.0.30523.141
MinimumVisualStudioVersion = 10.0.40219.1
Project("{FAE04EC0-301F-11D3-BF4B-00C04F79EFBC}") = "InvadersVSTowers", "InvadersVSTowers.csproj", "{BE31CD86-1594-4919-A561-7E26FE892F62}"
EndProject
Global
	GlobalSection(SolutionConfigurationPlatforms) = preSolution
		Debug|Any CPU = Debug|Any CPU
		Release|Any CPU = Release|Any CPU
	EndGlobalSection
	GlobalSection(ProjectConfigurationPlatforms) = postSolution
		{BE31CD86-1594-4919-A561-7E26FE892F62}.Debug|Any CPU.ActiveCfg = Debug|Any CPU
		{BE31CD86-1594-4919-A561-7E26FE892F62}.Debug|Any CPU.Build.0 = Debug|Any CPU
		{BE31CD86-1594-4919-A561-7E26FE892F62}.Release|Any CPU.ActiveCfg = Release|Any CPU
		{BE31CD86-1594-4919-A561-7E26FE892F62}.Release|Any CPU.Build.0 = Release|Any CPU
	EndGlobalSection
	GlobalSection(SolutionProperties) = preSolution
		HideSolutionNode = FALSE
	EndGlobalSection
	GlobalSection(ExtensibilityGlobals) = postSolution
		SolutionGuid = {55A7387D-2772-4166-AFC8-0AA6A2E6194A}
	EndGlobalSection
EndGlobal
