
Microsoft Visual Studio Solution File, Format Version 12.00
# Visual Studio Version 16
VisualStudioVersion = 16.0.30523.141
MinimumVisualStudioVersion = 10.0.40219.1
Project("{FAE04EC0-301F-11D3-BF4B-00C04F79EFBC}") = "ImplementareCodInterfata", "ImplementareCodInterfata\ImplementareCodInterfata.csproj", "{6FBE3632-9281-4F7A-9A9E-F088094D87EB}"
EndProject
Global
	GlobalSection(SolutionConfigurationPlatforms) = preSolution
		Debug|Any CPU = Debug|Any CPU
		Release|Any CPU = Release|Any CPU
	EndGlobalSection
	GlobalSection(ProjectConfigurationPlatforms) = postSolution
		{6FBE3632-9281-4F7A-9A9E-F088094D87EB}.Debug|Any CPU.ActiveCfg = Debug|Any CPU
		{6FBE3632-9281-4F7A-9A9E-F088094D87EB}.Debug|Any CPU.Build.0 = Debug|Any CPU
		{6FBE3632-9281-4F7A-9A9E-F088094D87EB}.Release|Any CPU.ActiveCfg = Release|Any CPU
		{6FBE3632-9281-4F7A-9A9E-F088094D87EB}.Release|Any CPU.Build.0 = Release|Any CPU
	EndGlobalSection
	GlobalSection(SolutionProperties) = preSolution
		HideSolutionNode = FALSE
	EndGlobalSection
	GlobalSection(ExtensibilityGlobals) = postSolution
		SolutionGuid = {D5AADDAE-EEFC-406B-AE32-F83E17787FB9}
	EndGlobalSection
EndGlobal
