
Microsoft Visual Studio Solution File, Format Version 12.00
# Visual Studio Version 16
VisualStudioVersion = 16.0.30523.141
MinimumVisualStudioVersion = 10.0.40219.1
Project("{FAE04EC0-301F-11D3-BF4B-00C04F79EFBC}") = "Biblioteca_Dinamic", "Biblioteca_Dinamic\Biblioteca_Dinamic.csproj", "{34C99B99-89F4-4770-B0BA-EF9D99330E7E}"
EndProject
Global
	GlobalSection(SolutionConfigurationPlatforms) = preSolution
		Debug|Any CPU = Debug|Any CPU
		Release|Any CPU = Release|Any CPU
	EndGlobalSection
	GlobalSection(ProjectConfigurationPlatforms) = postSolution
		{34C99B99-89F4-4770-B0BA-EF9D99330E7E}.Debug|Any CPU.ActiveCfg = Debug|Any CPU
		{34C99B99-89F4-4770-B0BA-EF9D99330E7E}.Debug|Any CPU.Build.0 = Debug|Any CPU
		{34C99B99-89F4-4770-B0BA-EF9D99330E7E}.Release|Any CPU.ActiveCfg = Release|Any CPU
		{34C99B99-89F4-4770-B0BA-EF9D99330E7E}.Release|Any CPU.Build.0 = Release|Any CPU
	EndGlobalSection
	GlobalSection(SolutionProperties) = preSolution
		HideSolutionNode = FALSE
	EndGlobalSection
	GlobalSection(ExtensibilityGlobals) = postSolution
		SolutionGuid = {12424C38-7BF8-4CBE-862E-5CC5F8D882B5}
	EndGlobalSection
EndGlobal
